// !$*UTF8*$!
{
	archiveVersion = 1;
	classes = {
	};
	objectVersion = 48;
	objects = {

/* Begin PBXBuildFile section */
		643CDEBA1FEE2D710025F5E9 /* AppDelegate.m in Sources */ = {isa = PBXBuildFile; fileRef = 643CDEB91FEE2D710025F5E9 /* AppDelegate.m */; };
		643CDEC01FEE2D710025F5E9 /* Main.storyboard in Resources */ = {isa = PBXBuildFile; fileRef = 643CDEBE1FEE2D710025F5E9 /* Main.storyboard */; };
		643CDEC21FEE2D710025F5E9 /* Assets.xcassets in Resources */ = {isa = PBXBuildFile; fileRef = 643CDEC11FEE2D710025F5E9 /* Assets.xcassets */; };
		643CDEC51FEE2D710025F5E9 /* LaunchScreen.storyboard in Resources */ = {isa = PBXBuildFile; fileRef = 643CDEC31FEE2D710025F5E9 /* LaunchScreen.storyboard */; };
		643CDEC81FEE2D710025F5E9 /* main.m in Sources */ = {isa = PBXBuildFile; fileRef = 643CDEC71FEE2D710025F5E9 /* main.m */; };
		643CDED21FEE2D710025F5E9 /* GrandCentralDispathTests.m in Sources */ = {isa = PBXBuildFile; fileRef = 643CDED11FEE2D710025F5E9 /* GrandCentralDispathTests.m */; };
		643CDEDD1FEE2D710025F5E9 /* GrandCentralDispathUITests.m in Sources */ = {isa = PBXBuildFile; fileRef = 643CDEDC1FEE2D710025F5E9 /* GrandCentralDispathUITests.m */; };
		643CDEEC1FEE2F700025F5E9 /* BaseViewController.m in Sources */ = {isa = PBXBuildFile; fileRef = 643CDEEB1FEE2F700025F5E9 /* BaseViewController.m */; };
		643CDEEF1FEE2FA90025F5E9 /* RootTableViewController.m in Sources */ = {isa = PBXBuildFile; fileRef = 643CDEEE1FEE2FA90025F5E9 /* RootTableViewController.m */; };
		643CDF001FEE64990025F5E9 /* Ch1_ViewController.m in Sources */ = {isa = PBXBuildFile; fileRef = 643CDEFF1FEE64990025F5E9 /* Ch1_ViewController.m */; };
		643CDF031FEE64A40025F5E9 /* Ch2_ViewController.m in Sources */ = {isa = PBXBuildFile; fileRef = 643CDF021FEE64A40025F5E9 /* Ch2_ViewController.m */; };
		643CDF061FEE64AD0025F5E9 /* Ch3_ViewController.m in Sources */ = {isa = PBXBuildFile; fileRef = 643CDF051FEE64AD0025F5E9 /* Ch3_ViewController.m */; };
		643CDF091FEE64B80025F5E9 /* Ch4_ViewController.m in Sources */ = {isa = PBXBuildFile; fileRef = 643CDF081FEE64B80025F5E9 /* Ch4_ViewController.m */; };
		643CDF0C1FEE64C40025F5E9 /* Ch5_ViewController.m in Sources */ = {isa = PBXBuildFile; fileRef = 643CDF0B1FEE64C40025F5E9 /* Ch5_ViewController.m */; };
		643CDF0F1FEE64CF0025F5E9 /* Ch6_ViewController.m in Sources */ = {isa = PBXBuildFile; fileRef = 643CDF0E1FEE64CF0025F5E9 /* Ch6_ViewController.m */; };
		643CDF121FEE64DE0025F5E9 /* Ch7_ViewController.m in Sources */ = {isa = PBXBuildFile; fileRef = 643CDF111FEE64DE0025F5E9 /* Ch7_ViewController.m */; };
		643CDF151FEE64E80025F5E9 /* Ch8_ViewController.m in Sources */ = {isa = PBXBuildFile; fileRef = 643CDF141FEE64E80025F5E9 /* Ch8_ViewController.m */; };
		643CDF181FEE64F70025F5E9 /* Ch9_ViewController.m in Sources */ = {isa = PBXBuildFile; fileRef = 643CDF171FEE64F70025F5E9 /* Ch9_ViewController.m */; };
		643CDF1B1FEE65030025F5E9 /* Ch10_ViewController.m in Sources */ = {isa = PBXBuildFile; fileRef = 643CDF1A1FEE65030025F5E9 /* Ch10_ViewController.m */; };
		643CDF1E1FEE65390025F5E9 /* Ch11_ViewController.m in Sources */ = {isa = PBXBuildFile; fileRef = 643CDF1D1FEE65390025F5E9 /* Ch11_ViewController.m */; };
		643CDF211FEE65440025F5E9 /* Ch12_ViewController.m in Sources */ = {isa = PBXBuildFile; fileRef = 643CDF201FEE65440025F5E9 /* Ch12_ViewController.m */; };
		643CDF241FEE65540025F5E9 /* Ch13_ViewController.m in Sources */ = {isa = PBXBuildFile; fileRef = 643CDF231FEE65540025F5E9 /* Ch13_ViewController.m */; };
/* End PBXBuildFile section */

/* Begin PBXContainerItemProxy section */
		643CDECE1FEE2D710025F5E9 /* PBXContainerItemProxy */ = {
			isa = PBXContainerItemProxy;
			containerPortal = 643CDEAD1FEE2D710025F5E9 /* Project object */;
			proxyType = 1;
			remoteGlobalIDString = 643CDEB41FEE2D710025F5E9;
			remoteInfo = GrandCentralDispath;
		};
		643CDED91FEE2D710025F5E9 /* PBXContainerItemProxy */ = {
			isa = PBXContainerItemProxy;
			containerPortal = 643CDEAD1FEE2D710025F5E9 /* Project object */;
			proxyType = 1;
			remoteGlobalIDString = 643CDEB41FEE2D710025F5E9;
			remoteInfo = GrandCentralDispath;
		};
/* End PBXContainerItemProxy section */

/* Begin PBXFileReference section */
		643CDEB51FEE2D710025F5E9 /* GrandCentralDispath.app */ = {isa = PBXFileReference; explicitFileType = wrapper.application; includeInIndex = 0; path = GrandCentralDispath.app; sourceTree = BUILT_PRODUCTS_DIR; };
		643CDEB81FEE2D710025F5E9 /* AppDelegate.h */ = {isa = PBXFileReference; lastKnownFileType = sourcecode.c.h; path = AppDelegate.h; sourceTree = "<group>"; };
		643CDEB91FEE2D710025F5E9 /* AppDelegate.m */ = {isa = PBXFileReference; lastKnownFileType = sourcecode.c.objc; path = AppDelegate.m; sourceTree = "<group>"; };
		643CDEBF1FEE2D710025F5E9 /* Base */ = {isa = PBXFileReference; lastKnownFileType = file.storyboard; name = Base; path = Base.lproj/Main.storyboard; sourceTree = "<group>"; };
		643CDEC11FEE2D710025F5E9 /* Assets.xcassets */ = {isa = PBXFileReference; lastKnownFileType = folder.assetcatalog; path = Assets.xcassets; sourceTree = "<group>"; };
		643CDEC41FEE2D710025F5E9 /* Base */ = {isa = PBXFileReference; lastKnownFileType = file.storyboard; name = Base; path = Base.lproj/LaunchScreen.storyboard; sourceTree = "<group>"; };
		643CDEC61FEE2D710025F5E9 /* Info.plist */ = {isa = PBXFileReference; lastKnownFileType = text.plist.xml; path = Info.plist; sourceTree = "<group>"; };
		643CDEC71FEE2D710025F5E9 /* main.m */ = {isa = PBXFileReference; lastKnownFileType = sourcecode.c.objc; path = main.m; sourceTree = "<group>"; };
		643CDECD1FEE2D710025F5E9 /* GrandCentralDispathTests.xctest */ = {isa = PBXFileReference; explicitFileType = wrapper.cfbundle; includeInIndex = 0; path = GrandCentralDispathTests.xctest; sourceTree = BUILT_PRODUCTS_DIR; };
		643CDED11FEE2D710025F5E9 /* GrandCentralDispathTests.m */ = {isa = PBXFileReference; lastKnownFileType = sourcecode.c.objc; path = GrandCentralDispathTests.m; sourceTree = "<group>"; };
		643CDED31FEE2D710025F5E9 /* Info.plist */ = {isa = PBXFileReference; lastKnownFileType = text.plist.xml; path = Info.plist; sourceTree = "<group>"; };
		643CDED81FEE2D710025F5E9 /* GrandCentralDispathUITests.xctest */ = {isa = PBXFileReference; explicitFileType = wrapper.cfbundle; includeInIndex = 0; path = GrandCentralDispathUITests.xctest; sourceTree = BUILT_PRODUCTS_DIR; };
		643CDEDC1FEE2D710025F5E9 /* GrandCentralDispathUITests.m */ = {isa = PBXFileReference; lastKnownFileType = sourcecode.c.objc; path = GrandCentralDispathUITests.m; sourceTree = "<group>"; };
		643CDEDE1FEE2D710025F5E9 /* Info.plist */ = {isa = PBXFileReference; lastKnownFileType = text.plist.xml; path = Info.plist; sourceTree = "<group>"; };
		643CDEEA1FEE2F700025F5E9 /* BaseViewController.h */ = {isa = PBXFileReference; lastKnownFileType = sourcecode.c.h; path = BaseViewController.h; sourceTree = "<group>"; };
		643CDEEB1FEE2F700025F5E9 /* BaseViewController.m */ = {isa = PBXFileReference; lastKnownFileType = sourcecode.c.objc; path = BaseViewController.m; sourceTree = "<group>"; };
		643CDEED1FEE2FA90025F5E9 /* RootTableViewController.h */ = {isa = PBXFileReference; lastKnownFileType = sourcecode.c.h; path = RootTableViewController.h; sourceTree = "<group>"; };
		643CDEEE1FEE2FA90025F5E9 /* RootTableViewController.m */ = {isa = PBXFileReference; lastKnownFileType = sourcecode.c.objc; path = RootTableViewController.m; sourceTree = "<group>"; };
		643CDEFE1FEE64990025F5E9 /* Ch1_ViewController.h */ = {isa = PBXFileReference; lastKnownFileType = sourcecode.c.h; path = Ch1_ViewController.h; sourceTree = "<group>"; };
		643CDEFF1FEE64990025F5E9 /* Ch1_ViewController.m */ = {isa = PBXFileReference; lastKnownFileType = sourcecode.c.objc; path = Ch1_ViewController.m; sourceTree = "<group>"; };
		643CDF011FEE64A40025F5E9 /* Ch2_ViewController.h */ = {isa = PBXFileReference; lastKnownFileType = sourcecode.c.h; path = Ch2_ViewController.h; sourceTree = "<group>"; };
		643CDF021FEE64A40025F5E9 /* Ch2_ViewController.m */ = {isa = PBXFileReference; lastKnownFileType = sourcecode.c.objc; path = Ch2_ViewController.m; sourceTree = "<group>"; };
		643CDF041FEE64AD0025F5E9 /* Ch3_ViewController.h */ = {isa = PBXFileReference; lastKnownFileType = sourcecode.c.h; path = Ch3_ViewController.h; sourceTree = "<group>"; };
		643CDF051FEE64AD0025F5E9 /* Ch3_ViewController.m */ = {isa = PBXFileReference; lastKnownFileType = sourcecode.c.objc; path = Ch3_ViewController.m; sourceTree = "<group>"; };
		643CDF071FEE64B80025F5E9 /* Ch4_ViewController.h */ = {isa = PBXFileReference; lastKnownFileType = sourcecode.c.h; path = Ch4_ViewController.h; sourceTree = "<group>"; };
		643CDF081FEE64B80025F5E9 /* Ch4_ViewController.m */ = {isa = PBXFileReference; lastKnownFileType = sourcecode.c.objc; path = Ch4_ViewController.m; sourceTree = "<group>"; };
		643CDF0A1FEE64C40025F5E9 /* Ch5_ViewController.h */ = {isa = PBXFileReference; lastKnownFileType = sourcecode.c.h; path = Ch5_ViewController.h; sourceTree = "<group>"; };
		643CDF0B1FEE64C40025F5E9 /* Ch5_ViewController.m */ = {isa = PBXFileReference; lastKnownFileType = sourcecode.c.objc; path = Ch5_ViewController.m; sourceTree = "<group>"; };
		643CDF0D1FEE64CF0025F5E9 /* Ch6_ViewController.h */ = {isa = PBXFileReference; lastKnownFileType = sourcecode.c.h; path = Ch6_ViewController.h; sourceTree = "<group>"; };
		643CDF0E1FEE64CF0025F5E9 /* Ch6_ViewController.m */ = {isa = PBXFileReference; lastKnownFileType = sourcecode.c.objc; path = Ch6_ViewController.m; sourceTree = "<group>"; };
		643CDF101FEE64DE0025F5E9 /* Ch7_ViewController.h */ = {isa = PBXFileReference; lastKnownFileType = sourcecode.c.h; path = Ch7_ViewController.h; sourceTree = "<group>"; };
		643CDF111FEE64DE0025F5E9 /* Ch7_ViewController.m */ = {isa = PBXFileReference; lastKnownFileType = sourcecode.c.objc; path = Ch7_ViewController.m; sourceTree = "<group>"; };
		643CDF131FEE64E80025F5E9 /* Ch8_ViewController.h */ = {isa = PBXFileReference; lastKnownFileType = sourcecode.c.h; path = Ch8_ViewController.h; sourceTree = "<group>"; };
		643CDF141FEE64E80025F5E9 /* Ch8_ViewController.m */ = {isa = PBXFileReference; lastKnownFileType = sourcecode.c.objc; path = Ch8_ViewController.m; sourceTree = "<group>"; };
		643CDF161FEE64F70025F5E9 /* Ch9_ViewController.h */ = {isa = PBXFileReference; lastKnownFileType = sourcecode.c.h; path = Ch9_ViewController.h; sourceTree = "<group>"; };
		643CDF171FEE64F70025F5E9 /* Ch9_ViewController.m */ = {isa = PBXFileReference; lastKnownFileType = sourcecode.c.objc; path = Ch9_ViewController.m; sourceTree = "<group>"; };
		643CDF191FEE65030025F5E9 /* Ch10_ViewController.h */ = {isa = PBXFileReference; lastKnownFileType = sourcecode.c.h; path = Ch10_ViewController.h; sourceTree = "<group>"; };
		643CDF1A1FEE65030025F5E9 /* Ch10_ViewController.m */ = {isa = PBXFileReference; lastKnownFileType = sourcecode.c.objc; path = Ch10_ViewController.m; sourceTree = "<group>"; };
		643CDF1C1FEE65390025F5E9 /* Ch11_ViewController.h */ = {isa = PBXFileReference; lastKnownFileType = sourcecode.c.h; path = Ch11_ViewController.h; sourceTree = "<group>"; };
		643CDF1D1FEE65390025F5E9 /* Ch11_ViewController.m */ = {isa = PBXFileReference; lastKnownFileType = sourcecode.c.objc; path = Ch11_ViewController.m; sourceTree = "<group>"; };
		643CDF1F1FEE65440025F5E9 /* Ch12_ViewController.h */ = {isa = PBXFileReference; lastKnownFileType = sourcecode.c.h; path = Ch12_ViewController.h; sourceTree = "<group>"; };
		643CDF201FEE65440025F5E9 /* Ch12_ViewController.m */ = {isa = PBXFileReference; lastKnownFileType = sourcecode.c.objc; path = Ch12_ViewController.m; sourceTree = "<group>"; };
		643CDF221FEE65540025F5E9 /* Ch13_ViewController.h */ = {isa = PBXFileReference; lastKnownFileType = sourcecode.c.h; path = Ch13_ViewController.h; sourceTree = "<group>"; };
		643CDF231FEE65540025F5E9 /* Ch13_ViewController.m */ = {isa = PBXFileReference; lastKnownFileType = sourcecode.c.objc; path = Ch13_ViewController.m; sourceTree = "<group>"; };
/* End PBXFileReference section */

/* Begin PBXFrameworksBuildPhase section */
		643CDEB21FEE2D710025F5E9 /* Frameworks */ = {
			isa = PBXFrameworksBuildPhase;
			buildActionMask = 2147483647;
			files = (
			);
			runOnlyForDeploymentPostprocessing = 0;
		};
		643CDECA1FEE2D710025F5E9 /* Frameworks */ = {
			isa = PBXFrameworksBuildPhase;
			buildActionMask = 2147483647;
			files = (
			);
			runOnlyForDeploymentPostprocessing = 0;
		};
		643CDED51FEE2D710025F5E9 /* Frameworks */ = {
			isa = PBXFrameworksBuildPhase;
			buildActionMask = 2147483647;
			files = (
			);
			runOnlyForDeploymentPostprocessing = 0;
		};
/* End PBXFrameworksBuildPhase section */

/* Begin PBXGroup section */
		643CDEAC1FEE2D710025F5E9 = {
			isa = PBXGroup;
			children = (
				643CDEB71FEE2D710025F5E9 /* GrandCentralDispath */,
				643CDED01FEE2D710025F5E9 /* GrandCentralDispathTests */,
				643CDEDB1FEE2D710025F5E9 /* GrandCentralDispathUITests */,
				643CDEB61FEE2D710025F5E9 /* Products */,
			);
			sourceTree = "<group>";
		};
		643CDEB61FEE2D710025F5E9 /* Products */ = {
			isa = PBXGroup;
			children = (
				643CDEB51FEE2D710025F5E9 /* GrandCentralDispath.app */,
				643CDECD1FEE2D710025F5E9 /* GrandCentralDispathTests.xctest */,
				643CDED81FEE2D710025F5E9 /* GrandCentralDispathUITests.xctest */,
			);
			name = Products;
			sourceTree = "<group>";
		};
		643CDEB71FEE2D710025F5E9 /* GrandCentralDispath */ = {
			isa = PBXGroup;
			children = (
				643CDEF01FEE307D0025F5E9 /* BaseViewController */,
				643CDEFD1FEE31950025F5E9 /* Ch1_DispathQueue */,
				643CDEFC1FEE31880025F5E9 /* Ch2_dispath_queue_create */,
				643CDEFB1FEE31860025F5E9 /* Ch3_MainDispathQueue */,
				643CDEFA1FEE31840025F5E9 /* Ch4_dispath_set_target_queue */,
				643CDEF91FEE31820025F5E9 /* Ch5_dispath_after */,
				643CDEF81FEE31810025F5E9 /* Ch6_DispathGroup */,
				643CDEF71FEE317F0025F5E9 /* Ch7_dispath_barrier_async */,
				643CDEF61FEE317D0025F5E9 /* Ch8_dispath_sync */,
				643CDEF51FEE317B0025F5E9 /* Ch9_dispath_apply */,
				643CDEF41FEE31780025F5E9 /* Ch10_dispath_suspend */,
				643CDEF31FEE31750025F5E9 /* Ch11_dispath_semaphore */,
				643CDEF21FEE31730025F5E9 /* Ch12_dispath_once */,
				643CDEF11FEE316B0025F5E9 /* Ch13_DispathIO */,
				643CDEB81FEE2D710025F5E9 /* AppDelegate.h */,
				643CDEB91FEE2D710025F5E9 /* AppDelegate.m */,
				643CDEED1FEE2FA90025F5E9 /* RootTableViewController.h */,
				643CDEEE1FEE2FA90025F5E9 /* RootTableViewController.m */,
				643CDEBE1FEE2D710025F5E9 /* Main.storyboard */,
				643CDEC11FEE2D710025F5E9 /* Assets.xcassets */,
				643CDEC31FEE2D710025F5E9 /* LaunchScreen.storyboard */,
				643CDEC61FEE2D710025F5E9 /* Info.plist */,
				643CDEC71FEE2D710025F5E9 /* main.m */,
			);
			path = GrandCentralDispath;
			sourceTree = "<group>";
		};
		643CDED01FEE2D710025F5E9 /* GrandCentralDispathTests */ = {
			isa = PBXGroup;
			children = (
				643CDED11FEE2D710025F5E9 /* GrandCentralDispathTests.m */,
				643CDED31FEE2D710025F5E9 /* Info.plist */,
			);
			path = GrandCentralDispathTests;
			sourceTree = "<group>";
		};
		643CDEDB1FEE2D710025F5E9 /* GrandCentralDispathUITests */ = {
			isa = PBXGroup;
			children = (
				643CDEDC1FEE2D710025F5E9 /* GrandCentralDispathUITests.m */,
				643CDEDE1FEE2D710025F5E9 /* Info.plist */,
			);
			path = GrandCentralDispathUITests;
			sourceTree = "<group>";
		};
		643CDEF01FEE307D0025F5E9 /* BaseViewController */ = {
			isa = PBXGroup;
			children = (
				643CDEEA1FEE2F700025F5E9 /* BaseViewController.h */,
				643CDEEB1FEE2F700025F5E9 /* BaseViewController.m */,
			);
			path = BaseViewController;
			sourceTree = "<group>";
		};
		643CDEF11FEE316B0025F5E9 /* Ch13_DispathIO */ = {
			isa = PBXGroup;
			children = (
				643CDF221FEE65540025F5E9 /* Ch13_ViewController.h */,
				643CDF231FEE65540025F5E9 /* Ch13_ViewController.m */,
			);
			path = Ch13_DispathIO;
			sourceTree = "<group>";
		};
		643CDEF21FEE31730025F5E9 /* Ch12_dispath_once */ = {
			isa = PBXGroup;
			children = (
				643CDF1F1FEE65440025F5E9 /* Ch12_ViewController.h */,
				643CDF201FEE65440025F5E9 /* Ch12_ViewController.m */,
			);
			path = Ch12_dispath_once;
			sourceTree = "<group>";
		};
		643CDEF31FEE31750025F5E9 /* Ch11_dispath_semaphore */ = {
			isa = PBXGroup;
			children = (
				643CDF1C1FEE65390025F5E9 /* Ch11_ViewController.h */,
				643CDF1D1FEE65390025F5E9 /* Ch11_ViewController.m */,
			);
			path = Ch11_dispath_semaphore;
			sourceTree = "<group>";
		};
		643CDEF41FEE31780025F5E9 /* Ch10_dispath_suspend */ = {
			isa = PBXGroup;
			children = (
				643CDF191FEE65030025F5E9 /* Ch10_ViewController.h */,
				643CDF1A1FEE65030025F5E9 /* Ch10_ViewController.m */,
			);
			path = Ch10_dispath_suspend;
			sourceTree = "<group>";
		};
		643CDEF51FEE317B0025F5E9 /* Ch9_dispath_apply */ = {
			isa = PBXGroup;
			children = (
				643CDF161FEE64F70025F5E9 /* Ch9_ViewController.h */,
				643CDF171FEE64F70025F5E9 /* Ch9_ViewController.m */,
			);
			path = Ch9_dispath_apply;
			sourceTree = "<group>";
		};
		643CDEF61FEE317D0025F5E9 /* Ch8_dispath_sync */ = {
			isa = PBXGroup;
			children = (
				643CDF131FEE64E80025F5E9 /* Ch8_ViewController.h */,
				643CDF141FEE64E80025F5E9 /* Ch8_ViewController.m */,
			);
			path = Ch8_dispath_sync;
			sourceTree = "<group>";
		};
		643CDEF71FEE317F0025F5E9 /* Ch7_dispath_barrier_async */ = {
			isa = PBXGroup;
			children = (
				643CDF101FEE64DE0025F5E9 /* Ch7_ViewController.h */,
				643CDF111FEE64DE0025F5E9 /* Ch7_ViewController.m */,
			);
			path = Ch7_dispath_barrier_async;
			sourceTree = "<group>";
		};
		643CDEF81FEE31810025F5E9 /* Ch6_DispathGroup */ = {
			isa = PBXGroup;
			children = (
				643CDF0D1FEE64CF0025F5E9 /* Ch6_ViewController.h */,
				643CDF0E1FEE64CF0025F5E9 /* Ch6_ViewController.m */,
			);
			path = Ch6_DispathGroup;
			sourceTree = "<group>";
		};
		643CDEF91FEE31820025F5E9 /* Ch5_dispath_after */ = {
			isa = PBXGroup;
			children = (
				643CDF0A1FEE64C40025F5E9 /* Ch5_ViewController.h */,
				643CDF0B1FEE64C40025F5E9 /* Ch5_ViewController.m */,
			);
			path = Ch5_dispath_after;
			sourceTree = "<group>";
		};
		643CDEFA1FEE31840025F5E9 /* Ch4_dispath_set_target_queue */ = {
			isa = PBXGroup;
			children = (
				643CDF071FEE64B80025F5E9 /* Ch4_ViewController.h */,
				643CDF081FEE64B80025F5E9 /* Ch4_ViewController.m */,
			);
			path = Ch4_dispath_set_target_queue;
			sourceTree = "<group>";
		};
		643CDEFB1FEE31860025F5E9 /* Ch3_MainDispathQueue */ = {
			isa = PBXGroup;
			children = (
				643CDF041FEE64AD0025F5E9 /* Ch3_ViewController.h */,
				643CDF051FEE64AD0025F5E9 /* Ch3_ViewController.m */,
			);
			path = Ch3_MainDispathQueue;
			sourceTree = "<group>";
		};
		643CDEFC1FEE31880025F5E9 /* Ch2_dispath_queue_create */ = {
			isa = PBXGroup;
			children = (
				643CDF011FEE64A40025F5E9 /* Ch2_ViewController.h */,
				643CDF021FEE64A40025F5E9 /* Ch2_ViewController.m */,
			);
			path = Ch2_dispath_queue_create;
			sourceTree = "<group>";
		};
		643CDEFD1FEE31950025F5E9 /* Ch1_DispathQueue */ = {
			isa = PBXGroup;
			children = (
				643CDEFE1FEE64990025F5E9 /* Ch1_ViewController.h */,
				643CDEFF1FEE64990025F5E9 /* Ch1_ViewController.m */,
			);
			path = Ch1_DispathQueue;
			sourceTree = "<group>";
		};
/* End PBXGroup section */

/* Begin PBXNativeTarget section */
		643CDEB41FEE2D710025F5E9 /* GrandCentralDispath */ = {
			isa = PBXNativeTarget;
			buildConfigurationList = 643CDEE11FEE2D710025F5E9 /* Build configuration list for PBXNativeTarget "GrandCentralDispath" */;
			buildPhases = (
				643CDEB11FEE2D710025F5E9 /* Sources */,
				643CDEB21FEE2D710025F5E9 /* Frameworks */,
				643CDEB31FEE2D710025F5E9 /* Resources */,
			);
			buildRules = (
			);
			dependencies = (
			);
			name = GrandCentralDispath;
			productName = GrandCentralDispath;
			productReference = 643CDEB51FEE2D710025F5E9 /* GrandCentralDispath.app */;
			productType = "com.apple.product-type.application";
		};
		643CDECC1FEE2D710025F5E9 /* GrandCentralDispathTests */ = {
			isa = PBXNativeTarget;
			buildConfigurationList = 643CDEE41FEE2D710025F5E9 /* Build configuration list for PBXNativeTarget "GrandCentralDispathTests" */;
			buildPhases = (
				643CDEC91FEE2D710025F5E9 /* Sources */,
				643CDECA1FEE2D710025F5E9 /* Frameworks */,
				643CDECB1FEE2D710025F5E9 /* Resources */,
			);
			buildRules = (
			);
			dependencies = (
				643CDECF1FEE2D710025F5E9 /* PBXTargetDependency */,
			);
			name = GrandCentralDispathTests;
			productName = GrandCentralDispathTests;
			productReference = 643CDECD1FEE2D710025F5E9 /* GrandCentralDispathTests.xctest */;
			productType = "com.apple.product-type.bundle.unit-test";
		};
		643CDED71FEE2D710025F5E9 /* GrandCentralDispathUITests */ = {
			isa = PBXNativeTarget;
			buildConfigurationList = 643CDEE71FEE2D710025F5E9 /* Build configuration list for PBXNativeTarget "GrandCentralDispathUITests" */;
			buildPhases = (
				643CDED41FEE2D710025F5E9 /* Sources */,
				643CDED51FEE2D710025F5E9 /* Frameworks */,
				643CDED61FEE2D710025F5E9 /* Resources */,
			);
			buildRules = (
			);
			dependencies = (
				643CDEDA1FEE2D710025F5E9 /* PBXTargetDependency */,
			);
			name = GrandCentralDispathUITests;
			productName = GrandCentralDispathUITests;
			productReference = 643CDED81FEE2D710025F5E9 /* GrandCentralDispathUITests.xctest */;
			productType = "com.apple.product-type.bundle.ui-testing";
		};
/* End PBXNativeTarget section */

/* Begin PBXProject section */
		643CDEAD1FEE2D710025F5E9 /* Project object */ = {
			isa = PBXProject;
			attributes = {
				LastUpgradeCheck = 0920;
				ORGANIZATIONNAME = fjq;
				TargetAttributes = {
					643CDEB41FEE2D710025F5E9 = {
						CreatedOnToolsVersion = 9.2;
						ProvisioningStyle = Automatic;
					};
					643CDECC1FEE2D710025F5E9 = {
						CreatedOnToolsVersion = 9.2;
						ProvisioningStyle = Automatic;
						TestTargetID = 643CDEB41FEE2D710025F5E9;
					};
					643CDED71FEE2D710025F5E9 = {
						CreatedOnToolsVersion = 9.2;
						ProvisioningStyle = Automatic;
						TestTargetID = 643CDEB41FEE2D710025F5E9;
					};
				};
			};
			buildConfigurationList = 643CDEB01FEE2D710025F5E9 /* Build configuration list for PBXProject "GrandCentralDispath" */;
			compatibilityVersion = "Xcode 8.0";
			developmentRegion = en;
			hasScannedForEncodings = 0;
			knownRegions = (
				en,
				Base,
			);
			mainGroup = 643CDEAC1FEE2D710025F5E9;
			productRefGroup = 643CDEB61FEE2D710025F5E9 /* Products */;
			projectDirPath = "";
			projectRoot = "";
			targets = (
				643CDEB41FEE2D710025F5E9 /* GrandCentralDispath */,
				643CDECC1FEE2D710025F5E9 /* GrandCentralDispathTests */,
				643CDED71FEE2D710025F5E9 /* GrandCentralDispathUITests */,
			);
		};
/* End PBXProject section */

/* Begin PBXResourcesBuildPhase section */
		643CDEB31FEE2D710025F5E9 /* Resources */ = {
			isa = PBXResourcesBuildPhase;
			buildActionMask = 2147483647;
			files = (
				643CDEC51FEE2D710025F5E9 /* LaunchScreen.storyboard in Resources */,
				643CDEC21FEE2D710025F5E9 /* Assets.xcassets in Resources */,
				643CDEC01FEE2D710025F5E9 /* Main.storyboard in Resources */,
			);
			runOnlyForDeploymentPostprocessing = 0;
		};
		643CDECB1FEE2D710025F5E9 /* Resources */ = {
			isa = PBXResourcesBuildPhase;
			buildActionMask = 2147483647;
			files = (
			);
			runOnlyForDeploymentPostprocessing = 0;
		};
		643CDED61FEE2D710025F5E9 /* Resources */ = {
			isa = PBXResourcesBuildPhase;
			buildActionMask = 2147483647;
			files = (
			);
			runOnlyForDeploymentPostprocessing = 0;
		};
/* End PBXResourcesBuildPhase section */

/* Begin PBXSourcesBuildPhase section */
		643CDEB11FEE2D710025F5E9 /* Sources */ = {
			isa = PBXSourcesBuildPhase;
			buildActionMask = 2147483647;
			files = (
				643CDF031FEE64A40025F5E9 /* Ch2_ViewController.m in Sources */,
				643CDEC81FEE2D710025F5E9 /* main.m in Sources */,
				643CDF121FEE64DE0025F5E9 /* Ch7_ViewController.m in Sources */,
				643CDEEC1FEE2F700025F5E9 /* BaseViewController.m in Sources */,
				643CDF151FEE64E80025F5E9 /* Ch8_ViewController.m in Sources */,
				643CDF001FEE64990025F5E9 /* Ch1_ViewController.m in Sources */,
				643CDF241FEE65540025F5E9 /* Ch13_ViewController.m in Sources */,
				643CDF0C1FEE64C40025F5E9 /* Ch5_ViewController.m in Sources */,
				643CDF1E1FEE65390025F5E9 /* Ch11_ViewController.m in Sources */,
				643CDF091FEE64B80025F5E9 /* Ch4_ViewController.m in Sources */,
				643CDEBA1FEE2D710025F5E9 /* AppDelegate.m in Sources */,
				643CDEEF1FEE2FA90025F5E9 /* RootTableViewController.m in Sources */,
				643CDF181FEE64F70025F5E9 /* Ch9_ViewController.m in Sources */,
				643CDF211FEE65440025F5E9 /* Ch12_ViewController.m in Sources */,
				643CDF0F1FEE64CF0025F5E9 /* Ch6_ViewController.m in Sources */,
				643CDF1B1FEE65030025F5E9 /* Ch10_ViewController.m in Sources */,
				643CDF061FEE64AD0025F5E9 /* Ch3_ViewController.m in Sources */,
			);
			runOnlyForDeploymentPostprocessing = 0;
		};
		643CDEC91FEE2D710025F5E9 /* Sources */ = {
			isa = PBXSourcesBuildPhase;
			buildActionMask = 2147483647;
			files = (
				643CDED21FEE2D710025F5E9 /* GrandCentralDispathTests.m in Sources */,
			);
			runOnlyForDeploymentPostprocessing = 0;
		};
		643CDED41FEE2D710025F5E9 /* Sources */ = {
			isa = PBXSourcesBuildPhase;
			buildActionMask = 2147483647;
			files = (
				643CDEDD1FEE2D710025F5E9 /* GrandCentralDispathUITests.m in Sources */,
			);
			runOnlyForDeploymentPostprocessing = 0;
		};
/* End PBXSourcesBuildPhase section */

/* Begin PBXTargetDependency section */
		643CDECF1FEE2D710025F5E9 /* PBXTargetDependency */ = {
			isa = PBXTargetDependency;
			target = 643CDEB41FEE2D710025F5E9 /* GrandCentralDispath */;
			targetProxy = 643CDECE1FEE2D710025F5E9 /* PBXContainerItemProxy */;
		};
		643CDEDA1FEE2D710025F5E9 /* PBXTargetDependency */ = {
			isa = PBXTargetDependency;
			target = 643CDEB41FEE2D710025F5E9 /* GrandCentralDispath */;
			targetProxy = 643CDED91FEE2D710025F5E9 /* PBXContainerItemProxy */;
		};
/* End PBXTargetDependency section */

/* Begin PBXVariantGroup section */
		643CDEBE1FEE2D710025F5E9 /* Main.storyboard */ = {
			isa = PBXVariantGroup;
			children = (
				643CDEBF1FEE2D710025F5E9 /* Base */,
			);
			name = Main.storyboard;
			sourceTree = "<group>";
		};
		643CDEC31FEE2D710025F5E9 /* LaunchScreen.storyboard */ = {
			isa = PBXVariantGroup;
			children = (
				643CDEC41FEE2D710025F5E9 /* Base */,
			);
			name = LaunchScreen.storyboard;
			sourceTree = "<group>";
		};
/* End PBXVariantGroup section */

/* Begin XCBuildConfiguration section */
		643CDEDF1FEE2D710025F5E9 /* Debug */ = {
			isa = XCBuildConfiguration;
			buildSettings = {
				ALWAYS_SEARCH_USER_PATHS = NO;
				CLANG_ANALYZER_NONNULL = YES;
				CLANG_ANALYZER_NUMBER_OBJECT_CONVERSION = YES_AGGRESSIVE;
				CLANG_CXX_LANGUAGE_STANDARD = "gnu++14";
				CLANG_CXX_LIBRARY = "libc++";
				CLANG_ENABLE_MODULES = YES;
				CLANG_ENABLE_OBJC_ARC = YES;
				CLANG_WARN_BLOCK_CAPTURE_AUTORELEASING = YES;
				CLANG_WARN_BOOL_CONVERSION = YES;
				CLANG_WARN_COMMA = YES;
				CLANG_WARN_CONSTANT_CONVERSION = YES;
				CLANG_WARN_DIRECT_OBJC_ISA_USAGE = YES_ERROR;
				CLANG_WARN_DOCUMENTATION_COMMENTS = YES;
				CLANG_WARN_EMPTY_BODY = YES;
				CLANG_WARN_ENUM_CONVERSION = YES;
				CLANG_WARN_INFINITE_RECURSION = YES;
				CLANG_WARN_INT_CONVERSION = YES;
				CLANG_WARN_NON_LITERAL_NULL_CONVERSION = YES;
				CLANG_WARN_OBJC_LITERAL_CONVERSION = YES;
				CLANG_WARN_OBJC_ROOT_CLASS = YES_ERROR;
				CLANG_WARN_RANGE_LOOP_ANALYSIS = YES;
				CLANG_WARN_STRICT_PROTOTYPES = YES;
				CLANG_WARN_SUSPICIOUS_MOVE = YES;
				CLANG_WARN_UNGUARDED_AVAILABILITY = YES_AGGRESSIVE;
				CLANG_WARN_UNREACHABLE_CODE = YES;
				CLANG_WARN__DUPLICATE_METHOD_MATCH = YES;
				CODE_SIGN_IDENTITY = "iPhone Developer";
				COPY_PHASE_STRIP = NO;
				DEBUG_INFORMATION_FORMAT = dwarf;
				ENABLE_STRICT_OBJC_MSGSEND = YES;
				ENABLE_TESTABILITY = YES;
				GCC_C_LANGUAGE_STANDARD = gnu11;
				GCC_DYNAMIC_NO_PIC = NO;
				GCC_NO_COMMON_BLOCKS = YES;
				GCC_OPTIMIZATION_LEVEL = 0;
				GCC_PREPROCESSOR_DEFINITIONS = (
					"DEBUG=1",
					"$(inherited)",
				);
				GCC_WARN_64_TO_32_BIT_CONVERSION = YES;
				GCC_WARN_ABOUT_RETURN_TYPE = YES_ERROR;
				GCC_WARN_UNDECLARED_SELECTOR = YES;
				GCC_WARN_UNINITIALIZED_AUTOS = YES_AGGRESSIVE;
				GCC_WARN_UNUSED_FUNCTION = YES;
				GCC_WARN_UNUSED_VARIABLE = YES;
				IPHONEOS_DEPLOYMENT_TARGET = 11.2;
				MTL_ENABLE_DEBUG_INFO = YES;
				ONLY_ACTIVE_ARCH = YES;
				SDKROOT = iphoneos;
			};
			name = Debug;
		};
		643CDEE01FEE2D710025F5E9 /* Release */ = {
			isa = XCBuildConfiguration;
			buildSettings = {
				ALWAYS_SEARCH_USER_PATHS = NO;
				CLANG_ANALYZER_NONNULL = YES;
				CLANG_ANALYZER_NUMBER_OBJECT_CONVERSION = YES_AGGRESSIVE;
				CLANG_CXX_LANGUAGE_STANDARD = "gnu++14";
				CLANG_CXX_LIBRARY = "libc++";
				CLANG_ENABLE_MODULES = YES;
				CLANG_ENABLE_OBJC_ARC = YES;
				CLANG_WARN_BLOCK_CAPTURE_AUTORELEASING = YES;
				CLANG_WARN_BOOL_CONVERSION = YES;
				CLANG_WARN_COMMA = YES;
				CLANG_WARN_CONSTANT_CONVERSION = YES;
				CLANG_WARN_DIRECT_OBJC_ISA_USAGE = YES_ERROR;
				CLANG_WARN_DOCUMENTATION_COMMENTS = YES;
				CLANG_WARN_EMPTY_BODY = YES;
				CLANG_WARN_ENUM_CONVERSION = YES;
				CLANG_WARN_INFINITE_RECURSION = YES;
				CLANG_WARN_INT_CONVERSION = YES;
				CLANG_WARN_NON_LITERAL_NULL_CONVERSION = YES;
				CLANG_WARN_OBJC_LITERAL_CONVERSION = YES;
				CLANG_WARN_OBJC_ROOT_CLASS = YES_ERROR;
				CLANG_WARN_RANGE_LOOP_ANALYSIS = YES;
				CLANG_WARN_STRICT_PROTOTYPES = YES;
				CLANG_WARN_SUSPICIOUS_MOVE = YES;
				CLANG_WARN_UNGUARDED_AVAILABILITY = YES_AGGRESSIVE;
				CLANG_WARN_UNREACHABLE_CODE = YES;
				CLANG_WARN__DUPLICATE_METHOD_MATCH = YES;
				CODE_SIGN_IDENTITY = "iPhone Developer";
				COPY_PHASE_STRIP = NO;
				DEBUG_INFORMATION_FORMAT = "dwarf-with-dsym";
				ENABLE_NS_ASSERTIONS = NO;
				ENABLE_STRICT_OBJC_MSGSEND = YES;
				GCC_C_LANGUAGE_STANDARD = gnu11;
				GCC_NO_COMMON_BLOCKS = YES;
				GCC_WARN_64_TO_32_BIT_CONVERSION = YES;
				GCC_WARN_ABOUT_RETURN_TYPE = YES_ERROR;
				GCC_WARN_UNDECLARED_SELECTOR = YES;
				GCC_WARN_UNINITIALIZED_AUTOS = YES_AGGRESSIVE;
				GCC_WARN_UNUSED_FUNCTION = YES;
				GCC_WARN_UNUSED_VARIABLE = YES;
				IPHONEOS_DEPLOYMENT_TARGET = 11.2;
				MTL_ENABLE_DEBUG_INFO = NO;
				SDKROOT = iphoneos;
				VALIDATE_PRODUCT = YES;
			};
			name = Release;
		};
		643CDEE21FEE2D710025F5E9 /* Debug */ = {
			isa = XCBuildConfiguration;
			buildSettings = {
				ASSETCATALOG_COMPILER_APPICON_NAME = AppIcon;
				CODE_SIGN_STYLE = Automatic;
				INFOPLIST_FILE = GrandCentralDispath/Info.plist;
				LD_RUNPATH_SEARCH_PATHS = "$(inherited) @executable_path/Frameworks";
				PRODUCT_BUNDLE_IDENTIFIER = com.GrandCentralDispath;
				PRODUCT_NAME = "$(TARGET_NAME)";
				TARGETED_DEVICE_FAMILY = "1,2";
			};
			name = Debug;
		};
		643CDEE31FEE2D710025F5E9 /* Release */ = {
			isa = XCBuildConfiguration;
			buildSettings = {
				ASSETCATALOG_COMPILER_APPICON_NAME = AppIcon;
				CODE_SIGN_STYLE = Automatic;
				INFOPLIST_FILE = GrandCentralDispath/Info.plist;
				LD_RUNPATH_SEARCH_PATHS = "$(inherited) @executable_path/Frameworks";
				PRODUCT_BUNDLE_IDENTIFIER = com.GrandCentralDispath;
				PRODUCT_NAME = "$(TARGET_NAME)";
				TARGETED_DEVICE_FAMILY = "1,2";
			};
			name = Release;
		};
		643CDEE51FEE2D710025F5E9 /* Debug */ = {
			isa = XCBuildConfiguration;
			buildSettings = {
				BUNDLE_LOADER = "$(TEST_HOST)";
				CODE_SIGN_STYLE = Automatic;
				INFOPLIST_FILE = GrandCentralDispathTests/Info.plist;
				LD_RUNPATH_SEARCH_PATHS = "$(inherited) @executable_path/Frameworks @loader_path/Frameworks";
				PRODUCT_BUNDLE_IDENTIFIER = com.GrandCentralDispathTests;
				PRODUCT_NAME = "$(TARGET_NAME)";
				TARGETED_DEVICE_FAMILY = "1,2";
				TEST_HOST = "$(BUILT_PRODUCTS_DIR)/GrandCentralDispath.app/GrandCentralDispath";
			};
			name = Debug;
		};
		643CDEE61FEE2D710025F5E9 /* Release */ = {
			isa = XCBuildConfiguration;
			buildSettings = {
				BUNDLE_LOADER = "$(TEST_HOST)";
				CODE_SIGN_STYLE = Automatic;
				INFOPLIST_FILE = GrandCentralDispathTests/Info.plist;
				LD_RUNPATH_SEARCH_PATHS = "$(inherited) @executable_path/Frameworks @loader_path/Frameworks";
				PRODUCT_BUNDLE_IDENTIFIER = com.GrandCentralDispathTests;
				PRODUCT_NAME = "$(TARGET_NAME)";
				TARGETED_DEVICE_FAMILY = "1,2";
				TEST_HOST = "$(BUILT_PRODUCTS_DIR)/GrandCentralDispath.app/GrandCentralDispath";
			};
			name = Release;
		};
		643CDEE81FEE2D710025F5E9 /* Debug */ = {
			isa = XCBuildConfiguration;
			buildSettings = {
				CODE_SIGN_STYLE = Automatic;
				INFOPLIST_FILE = GrandCentralDispathUITests/Info.plist;
				LD_RUNPATH_SEARCH_PATHS = "$(inherited) @executable_path/Frameworks @loader_path/Frameworks";
				PRODUCT_BUNDLE_IDENTIFIER = com.GrandCentralDispathUITests;
				PRODUCT_NAME = "$(TARGET_NAME)";
				TARGETED_DEVICE_FAMILY = "1,2";
				TEST_TARGET_NAME = GrandCentralDispath;
			};
			name = Debug;
		};
		643CDEE91FEE2D710025F5E9 /* Release */ = {
			isa = XCBuildConfiguration;
			buildSettings = {
				CODE_SIGN_STYLE = Automatic;
				INFOPLIST_FILE = GrandCentralDispathUITests/Info.plist;
				LD_RUNPATH_SEARCH_PATHS = "$(inherited) @executable_path/Frameworks @loader_path/Frameworks";
				PRODUCT_BUNDLE_IDENTIFIER = com.GrandCentralDispathUITests;
				PRODUCT_NAME = "$(TARGET_NAME)";
				TARGETED_DEVICE_FAMILY = "1,2";
				TEST_TARGET_NAME = GrandCentralDispath;
			};
			name = Release;
		};
/* End XCBuildConfiguration section */

/* Begin XCConfigurationList section */
		643CDEB01FEE2D710025F5E9 /* Build configuration list for PBXProject "GrandCentralDispath" */ = {
			isa = XCConfigurationList;
			buildConfigurations = (
				643CDEDF1FEE2D710025F5E9 /* Debug */,
				643CDEE01FEE2D710025F5E9 /* Release */,
			);
			defaultConfigurationIsVisible = 0;
			defaultConfigurationName = Release;
		};
		643CDEE11FEE2D710025F5E9 /* Build configuration list for PBXNativeTarget "GrandCentralDispath" */ = {
			isa = XCConfigurationList;
			buildConfigurations = (
				643CDEE21FEE2D710025F5E9 /* Debug */,
				643CDEE31FEE2D710025F5E9 /* Release */,
			);
			defaultConfigurationIsVisible = 0;
			defaultConfigurationName = Release;
		};
		643CDEE41FEE2D710025F5E9 /* Build configuration list for PBXNativeTarget "GrandCentralDispathTests" */ = {
			isa = XCConfigurationList;
			buildConfigurations = (
				643CDEE51FEE2D710025F5E9 /* Debug */,
				643CDEE61FEE2D710025F5E9 /* Release */,
			);
			defaultConfigurationIsVisible = 0;
			defaultConfigurationName = Release;
		};
		643CDEE71FEE2D710025F5E9 /* Build configuration list for PBXNativeTarget "GrandCentralDispathUITests" */ = {
			isa = XCConfigurationList;
			buildConfigurations = (
				643CDEE81FEE2D710025F5E9 /* Debug */,
				643CDEE91FEE2D710025F5E9 /* Release */,
			);
			defaultConfigurationIsVisible = 0;
			defaultConfigurationName = Release;
		};
/* End XCConfigurationList section */
	};
	rootObject = 643CDEAD1FEE2D710025F5E9 /* Project object */;
}
